
Microsoft Visual Studio Solution File, Format Version 12.00
# Visual Studio 15
VisualStudioVersion = 15.0.27703.2035
MinimumVisualStudioVersion = 10.0.40219.1
Project("{8BC9CEB8-8B4A-11D0-8D11-00A0C91BC942}") = "Project8", "Project8\Project8.vcxproj", "{FCF875F0-C608-4BD5-95F9-FCBF749EFC96}"
EndProject
Global
	GlobalSection(SolutionConfigurationPlatforms) = preSolution
		Debug|x64 = Debug|x64
		Debug|x86 = Debug|x86
		Release|x64 = Release|x64
		Release|x86 = Release|x86
	EndGlobalSection
	GlobalSection(ProjectConfigurationPlatforms) = postSolution
		{FCF875F0-C608-4BD5-95F9-FCBF749EFC96}.Debug|x64.ActiveCfg = Debug|x64
		{FCF875F0-C608-4BD5-95F9-FCBF749EFC96}.Debug|x64.Build.0 = Debug|x64
		{FCF875F0-C608-4BD5-95F9-FCBF749EFC96}.Debug|x86.ActiveCfg = Debug|Win32
		{FCF875F0-C608-4BD5-95F9-FCBF749EFC96}.Debug|x86.Build.0 = Debug|Win32
		{FCF875F0-C608-4BD5-95F9-FCBF749EFC96}.Release|x64.ActiveCfg = Release|x64
		{FCF875F0-C608-4BD5-95F9-FCBF749EFC96}.Release|x64.Build.0 = Release|x64
		{FCF875F0-C608-4BD5-95F9-FCBF749EFC96}.Release|x86.ActiveCfg = Release|Win32
		{FCF875F0-C608-4BD5-95F9-FCBF749EFC96}.Release|x86.Build.0 = Release|Win32
	EndGlobalSection
	GlobalSection(SolutionProperties) = preSolution
		HideSolutionNode = FALSE
	EndGlobalSection
	GlobalSection(ExtensibilityGlobals) = postSolution
		SolutionGuid = {400C7BC6-CF2D-4F0F-BA29-21F51369CF62}
	EndGlobalSection
EndGlobal
